{
  "name": "fullsoak-node-example",
  "version": "1.0.0",
  "lockfileVersion": 3,
  "requires": true,
  "packages": {
    "": {
      "name": "fullsoak-node-example",
      "version": "1.0.0",
      "license": "MIT",
      "dependencies": {
        "@fullsoak/fullsoak": "npm:@jsr/fullsoak__fullsoak@^0.14.0-alpha.1",
        "preact": "npm:preact@10.26.2",
        "react": "npm:@preact/compat",
        "react-dom": "npm:@preact/compat"
      },
      "devDependencies": {
        "ts-node": "^10.9.2",
        "typescript": "^5.7.3"
      }
    },
    "node_modules/@asteasolutions/zod-to-openapi": {
      "version": "7.3.0",
      "resolved": "https://registry.npmjs.org/@asteasolutions/zod-to-openapi/-/zod-to-openapi-7.3.0.tgz",
      "integrity": "sha512-7tE/r1gXwMIvGnXVUdIqUhCU1RevEFC4Jk6Bussa0fk1ecbnnINkZzj1EOAJyE/M3AI25DnHT/zKQL1/FPFi8Q==",
      "license": "MIT",
      "dependencies": {
        "openapi3-ts": "^4.1.2"
      },
      "peerDependencies": {
        "zod": "^3.20.2"
      }
    },
    "node_modules/@cspotcode/source-map-support": {
      "version": "0.8.1",
      "resolved": "https://registry.npmjs.org/@cspotcode/source-map-support/-/source-map-support-0.8.1.tgz",
      "integrity": "sha512-IchNf6dN4tHoMFIn/7OE8LWZ19Y6q/67Bmf6vnGREv8RSbBVb9LPJxEcnwrcwX6ixSvaiGoomAUvu4YSxXrVgw==",
      "dev": true,
      "license": "MIT",
      "dependencies": {
        "@jridgewell/trace-mapping": "0.3.9"
      },
      "engines": {
        "node": ">=12"
      }
    },
    "node_modules/@fullsoak/fullsoak": {
      "name": "@jsr/fullsoak__fullsoak",
      "version": "0.14.0-alpha.1",
      "resolved": "https://npm.jsr.io/~/11/@jsr/fullsoak__fullsoak/0.14.0-alpha.1.tgz",
      "integrity": "sha512-EOP7QnnBgwXHheSAmb2D6VTCexdB9yLfwThKvE2waMFIDTZ2nNNelqV8B9BZJOT/KSMGcwS5nuVE997powZInQ==",
      "dependencies": {
        "@jsr/dklab__oak-routing-ctrl": "^0.14.1",
        "@jsr/oak__oak": "^17.1.4",
        "@jsr/std__log": "^0.224.14",
        "@jsr/std__path": "^1.0.8",
        "@swc/core": "^1.10.18",
        "clean-css": "^5.3.3",
        "htm": "^3.1.1",
        "preact": "10.26.2",
        "preact-iso": "^2.9.0",
        "preact-render-to-string": "^6.5.13",
        "typescript": "^5.7.3",
        "uglify-js": "^3.19.3"
      }
    },
    "node_modules/@jridgewell/resolve-uri": {
      "version": "3.1.2",
      "resolved": "https://registry.npmjs.org/@jridgewell/resolve-uri/-/resolve-uri-3.1.2.tgz",
      "integrity": "sha512-bRISgCIjP20/tbWSPWMEi54QVPRZExkuD9lJL+UIxUKtwVJA8wW1Trb1jMs1RFXo1CBTNZ/5hpC9QvmKWdopKw==",
      "dev": true,
      "license": "MIT",
      "engines": {
        "node": ">=6.0.0"
      }
    },
    "node_modules/@jridgewell/sourcemap-codec": {
      "version": "1.5.0",
      "resolved": "https://registry.npmjs.org/@jridgewell/sourcemap-codec/-/sourcemap-codec-1.5.0.tgz",
      "integrity": "sha512-gv3ZRaISU3fjPAgNsriBRqGWQL6quFx04YMPW/zD8XMLsU32mhCCbfbO6KZFLjvYpCZ8zyDEgqsgf+PwPaM7GQ==",
      "dev": true,
      "license": "MIT"
    },
    "node_modules/@jridgewell/trace-mapping": {
      "version": "0.3.9",
      "resolved": "https://registry.npmjs.org/@jridgewell/trace-mapping/-/trace-mapping-0.3.9.tgz",
      "integrity": "sha512-3Belt6tdc8bPgAtbcmdtNJlirVoTmEb5e2gC94PnkwEW9jI6CAHUeoG85tjWP5WquqfavoMtMwiG4P926ZKKuQ==",
      "dev": true,
      "license": "MIT",
      "dependencies": {
        "@jridgewell/resolve-uri": "^3.0.3",
        "@jridgewell/sourcemap-codec": "^1.4.10"
      }
    },
    "node_modules/@jsr/dklab__oak-routing-ctrl": {
      "version": "0.14.1",
      "resolved": "https://npm.jsr.io/~/11/@jsr/dklab__oak-routing-ctrl/0.14.1.tgz",
      "integrity": "sha512-yuVRvNwTQenoCcuRjmflo6Nvltj9tYyl6QVRLNkKo4bi/8DrSeDx47DcvdKMBysNi64uw3tC1B0BVqOTiKPgtA==",
      "dependencies": {
        "@asteasolutions/zod-to-openapi": "^7.3.0",
        "@jsr/oak__oak": "^17.1.4",
        "@jsr/std__path": "^1.0.8",
        "zod": "^3.24.2"
      }
    },
    "node_modules/@jsr/oak__commons": {
      "version": "1.0.0",
      "resolved": "https://npm.jsr.io/~/11/@jsr/oak__commons/1.0.0.tgz",
      "integrity": "sha512-KwXlS+TVFZ7EQo62nzGdCHg2/toRzcTCAxQ/BqS7QzAP7QQDv5nQRyybgLwK9zjVwG0D9ahN5x2biJTbinP9fw==",
      "dependencies": {
        "@jsr/std__assert": "^1.0",
        "@jsr/std__bytes": "^1.0",
        "@jsr/std__crypto": "^1.0",
        "@jsr/std__encoding": "^1.0",
        "@jsr/std__http": "^1.0",
        "@jsr/std__media-types": "^1.0"
      }
    },
    "node_modules/@jsr/oak__oak": {
      "version": "17.1.4",
      "resolved": "https://npm.jsr.io/~/11/@jsr/oak__oak/17.1.4.tgz",
      "integrity": "sha512-dXBkD6jsduEbOFrxzRfG/hf7UUGTBnvy17rvVnmZ3YM6zw6NvTx3vKduHpt3mf9EKSCtXxBWWhb10Nv3V3pRfA==",
      "dependencies": {
        "@jsr/oak__commons": "^1.0",
        "@jsr/std__assert": "^1.0",
        "@jsr/std__bytes": "^1.0",
        "@jsr/std__http": "^1.0",
        "@jsr/std__media-types": "^1.0",
        "@jsr/std__path": "^1.0",
        "path-to-regexp": "^6.3.0"
      }
    },
    "node_modules/@jsr/std__assert": {
      "version": "1.0.11",
      "resolved": "https://npm.jsr.io/~/11/@jsr/std__assert/1.0.11.tgz",
      "integrity": "sha512-sNXyi9EQA4f/9F3gI1t+Dz+LnvPwCC3JDUqn9YfWl7IK7RRipiHOkDpV8Vq3LL/ZDZF8Tcr36zVhuEOrRs8i+g==",
      "dependencies": {
        "@jsr/std__internal": "^1.0.5"
      }
    },
    "node_modules/@jsr/std__bytes": {
      "version": "1.0.5",
      "resolved": "https://npm.jsr.io/~/11/@jsr/std__bytes/1.0.5.tgz",
      "integrity": "sha512-jcyXQSy5zAh2/6NLMWUkhJuQ0HihY5RwWF5RvpZyEmpmBaokkTwPkev0sqHzNJJvNusDUMznVBIclTT9augCkg=="
    },
    "node_modules/@jsr/std__cli": {
      "version": "1.0.13",
      "resolved": "https://npm.jsr.io/~/11/@jsr/std__cli/1.0.13.tgz",
      "integrity": "sha512-uLGrtZRqBdfKCVAbZC8BEMeBz/stU9aR+vGP2D7RslKhN8arOzVrcm2Uja6eN7mdOxPLWVPVrmC4Q1trq7Wdsg=="
    },
    "node_modules/@jsr/std__crypto": {
      "version": "1.0.4",
      "resolved": "https://npm.jsr.io/~/11/@jsr/std__crypto/1.0.4.tgz",
      "integrity": "sha512-qtfyxcQbfhqTEOYRel8h6vssKpT2yD4kC39mzzwN1KsH53+nbiQZfXC5lmBxcfyihH7V2EibbP/MvSsYMmv6ZA=="
    },
    "node_modules/@jsr/std__encoding": {
      "version": "1.0.7",
      "resolved": "https://npm.jsr.io/~/11/@jsr/std__encoding/1.0.7.tgz",
      "integrity": "sha512-eySTZkCAHjiKGgOMvhUyTL4aT22svaCO0eO6CAbz48kRECMtRGEfe3KWXkVy4fhlZ/4OTw/RQLrTYyEqpGQp/Q=="
    },
    "node_modules/@jsr/std__fmt": {
      "version": "1.0.5",
      "resolved": "https://npm.jsr.io/~/11/@jsr/std__fmt/1.0.5.tgz",
      "integrity": "sha512-twbjYrG/Pcm9eM1hAktHME3CNlkhXLtnQLkgPj7GCvAUNkkhO5Tlt9m81hPD2u6FmUZoyqTPQ3psXvhS7Pc3WQ=="
    },
    "node_modules/@jsr/std__fs": {
      "version": "1.0.11",
      "resolved": "https://npm.jsr.io/~/11/@jsr/std__fs/1.0.11.tgz",
      "integrity": "sha512-Ynnw/D9hhsgeooOY4ak5oPgm9P7kXK/L2wNyWkDMfN7Pe5c9jtg2REkANhQU7axpp4Sct39/2/fayXP5FIfTcg==",
      "dependencies": {
        "@jsr/std__path": "^1.0.8"
      }
    },
    "node_modules/@jsr/std__html": {
      "version": "1.0.3",
      "resolved": "https://npm.jsr.io/~/11/@jsr/std__html/1.0.3.tgz",
      "integrity": "sha512-yJrM4yMRZ3EQgzqR5oAP4xc4+QVo1GgimZ5NszA38quXCsFna0bEpl4heyosUtcDjuSYSdBGr5dKAQlfkQpZCQ=="
    },
    "node_modules/@jsr/std__http": {
      "version": "1.0.13",
      "resolved": "https://npm.jsr.io/~/11/@jsr/std__http/1.0.13.tgz",
      "integrity": "sha512-TFUNeEikNJ3iaD4KomIO6wkybDxl9CmgqdJdYeYfbWMvMvoYKGPTqvqicuqvFmOQhgbsSoB0g1OT1hWHJmN2/A==",
      "dependencies": {
        "@jsr/std__cli": "^1.0.12",
        "@jsr/std__encoding": "^1.0.7",
        "@jsr/std__fmt": "^1.0.5",
        "@jsr/std__html": "^1.0.3",
        "@jsr/std__media-types": "^1.1.0",
        "@jsr/std__net": "^1.0.4",
        "@jsr/std__path": "^1.0.8",
        "@jsr/std__streams": "^1.0.9"
      }
    },
    "node_modules/@jsr/std__internal": {
      "version": "1.0.5",
      "resolved": "https://npm.jsr.io/~/11/@jsr/std__internal/1.0.5.tgz",
      "integrity": "sha512-W2aN7UypJJ6EkfyXt5hBeIijBb8CmZk0jdjCzhOROr0SrXsXZ/V/9Qu1N0NxumFauPDAJz9NcP1mmZ9ZVSXwpQ=="
    },
    "node_modules/@jsr/std__io": {
      "version": "0.225.2",
      "resolved": "https://npm.jsr.io/~/11/@jsr/std__io/0.225.2.tgz",
      "integrity": "sha512-QNImMbao6pKXvV4xpFkY2zviZi1r+1KpYzgMqaa2gHDPZhXQqlia/Og+VqMxxfAr8Pw6BF3tw/hSw3LrWWTRmA==",
      "dependencies": {
        "@jsr/std__bytes": "^1.0.5"
      }
    },
    "node_modules/@jsr/std__log": {
      "version": "0.224.14",
      "resolved": "https://npm.jsr.io/~/11/@jsr/std__log/0.224.14.tgz",
      "integrity": "sha512-EHT7E0plakyzk/gxMrwqUf3YGCCxN3Is25QrEh7toYA7qwj46R4qY7cIaDEKy8QqI5JHOFHwWXOClcPK6goIoQ==",
      "dependencies": {
        "@jsr/std__fmt": "^1.0.5",
        "@jsr/std__fs": "^1.0.11",
        "@jsr/std__io": "^0.225.2"
      }
    },
    "node_modules/@jsr/std__media-types": {
      "version": "1.1.0",
      "resolved": "https://npm.jsr.io/~/11/@jsr/std__media-types/1.1.0.tgz",
      "integrity": "sha512-dHvaxHL7ENWnltgL653uo3KnKFse3ZbopZop2gqsT7yrscx7irZEClu5Cba7gMPPRk4Lg1FbriNcaBViM2RSBw=="
    },
    "node_modules/@jsr/std__net": {
      "version": "1.0.4",
      "resolved": "https://npm.jsr.io/~/11/@jsr/std__net/1.0.4.tgz",
      "integrity": "sha512-KJGU8ZpQ70sMW2Zk+wU3wFUkggS9lTLfRFBygnV9VaK8KI+1ggiqtB06rH4a14CNRGM9y46Mn/ZCbQUd4Q45Jg=="
    },
    "node_modules/@jsr/std__path": {
      "version": "1.0.8",
      "resolved": "https://npm.jsr.io/~/11/@jsr/std__path/1.0.8.tgz",
      "integrity": "sha512-eNBGlh/8ZVkMxtFH4bwIzlAeKoHYk5in4wrBZhi20zMdOiuX4QozP4+19mIXBT2lzHDjhuVLyECbhFeR304iDg=="
    },
    "node_modules/@jsr/std__streams": {
      "version": "1.0.9",
      "resolved": "https://npm.jsr.io/~/11/@jsr/std__streams/1.0.9.tgz",
      "integrity": "sha512-nPkEijnOPwLQt6ZtvOajE6F2hCmRILaq0kR6I0JFVvxSsvhdeyFMGc8F4DqypCpfq/U+8umLcE0RNMcYdx4NlQ==",
      "dependencies": {
        "@jsr/std__bytes": "^1.0.5"
      }
    },
    "node_modules/@swc/core": {
      "version": "1.11.1",
      "resolved": "https://registry.npmjs.org/@swc/core/-/core-1.11.1.tgz",
      "integrity": "sha512-67+lBHZ1lAJQKoOhBHl9DE2iugPYAulRVArZjoF+DnIY3G9wLXCXxw5It0IaCnzvJVvUPxGmr0rHViXKBDP5Vg==",
      "hasInstallScript": true,
      "license": "Apache-2.0",
      "dependencies": {
        "@swc/counter": "^0.1.3",
        "@swc/types": "^0.1.18"
      },
      "engines": {
        "node": ">=10"
      },
      "funding": {
        "type": "opencollective",
        "url": "https://opencollective.com/swc"
      },
      "optionalDependencies": {
        "@swc/core-darwin-arm64": "1.11.1",
        "@swc/core-darwin-x64": "1.11.1",
        "@swc/core-linux-arm-gnueabihf": "1.11.1",
        "@swc/core-linux-arm64-gnu": "1.11.1",
        "@swc/core-linux-arm64-musl": "1.11.1",
        "@swc/core-linux-x64-gnu": "1.11.1",
        "@swc/core-linux-x64-musl": "1.11.1",
        "@swc/core-win32-arm64-msvc": "1.11.1",
        "@swc/core-win32-ia32-msvc": "1.11.1",
        "@swc/core-win32-x64-msvc": "1.11.1"
      },
      "peerDependencies": {
        "@swc/helpers": "*"
      },
      "peerDependenciesMeta": {
        "@swc/helpers": {
          "optional": true
        }
      }
    },
    "node_modules/@swc/core-darwin-arm64": {
      "version": "1.11.1",
      "resolved": "https://registry.npmjs.org/@swc/core-darwin-arm64/-/core-darwin-arm64-1.11.1.tgz",
      "integrity": "sha512-bJbqZ51JghEZ8WaFetofkfkS3MWsS/V3vDvY+0r+SlLeocZwf8q8/GqcafnElHcU+zLV6yTi13fJwUce6ULiUQ==",
      "cpu": [
        "arm64"
      ],
      "license": "Apache-2.0 AND MIT",
      "optional": true,
      "os": [
        "darwin"
      ],
      "engines": {
        "node": ">=10"
      }
    },
    "node_modules/@swc/core-darwin-x64": {
      "version": "1.11.1",
      "resolved": "https://registry.npmjs.org/@swc/core-darwin-x64/-/core-darwin-x64-1.11.1.tgz",
      "integrity": "sha512-9GGEoN0uxkLg3KocOVzMfe9c9/DxESXclsL/U2xVLa3pTFB5YnXhiCP5YBT/3Q7nSGLD+R2ALqkNlDoueUjvPw==",
      "cpu": [
        "x64"
      ],
      "license": "Apache-2.0 AND MIT",
      "optional": true,
      "os": [
        "darwin"
      ],
      "engines": {
        "node": ">=10"
      }
    },
    "node_modules/@swc/core-linux-arm-gnueabihf": {
      "version": "1.11.1",
      "resolved": "https://registry.npmjs.org/@swc/core-linux-arm-gnueabihf/-/core-linux-arm-gnueabihf-1.11.1.tgz",
      "integrity": "sha512-Lt7l/l0nfSTUzsWcVY3dtOPl5RtgCJ+Ya8IG4Aa3l6c7kLc6Sx4JpylpEIY9yhGidDy/uQ8KUg5kqUPtUrXrvQ==",
      "cpu": [
        "arm"
      ],
      "license": "Apache-2.0",
      "optional": true,
      "os": [
        "linux"
      ],
      "engines": {
        "node": ">=10"
      }
    },
    "node_modules/@swc/core-linux-arm64-gnu": {
      "version": "1.11.1",
      "resolved": "https://registry.npmjs.org/@swc/core-linux-arm64-gnu/-/core-linux-arm64-gnu-1.11.1.tgz",
      "integrity": "sha512-oe826cfuGukctTSpDjk7RJRDEJihQMAzvO5tdWK0wcy+zvMPFyH5Fg6cW0X4ST3M7fcV91/1T/iuiiD2SVamYw==",
      "cpu": [
        "arm64"
      ],
      "license": "Apache-2.0 AND MIT",
      "optional": true,
      "os": [
        "linux"
      ],
      "engines": {
        "node": ">=10"
      }
    },
    "node_modules/@swc/core-linux-arm64-musl": {
      "version": "1.11.1",
      "resolved": "https://registry.npmjs.org/@swc/core-linux-arm64-musl/-/core-linux-arm64-musl-1.11.1.tgz",
      "integrity": "sha512-ABb4pnYeQp/JBJS5Qd2apTwOzpzrTebQFUiFjk0WgTKIr9T6SL3tLXMjgvbSXIath+1HnbCKFUwDXNQhgGFFTg==",
      "cpu": [
        "arm64"
      ],
      "license": "Apache-2.0 AND MIT",
      "optional": true,
      "os": [
        "linux"
      ],
      "engines": {
        "node": ">=10"
      }
    },
    "node_modules/@swc/core-linux-x64-gnu": {
      "version": "1.11.1",
      "resolved": "https://registry.npmjs.org/@swc/core-linux-x64-gnu/-/core-linux-x64-gnu-1.11.1.tgz",
      "integrity": "sha512-E09TcHv40bV0mOHTKquZw0IOcQ+lzzpQjyOhCa7+GBpbS3eg5/35Gu7DfToN2bomz74LPKW/l7jZRG+ZNOYNHQ==",
      "cpu": [
        "x64"
      ],
      "license": "Apache-2.0 AND MIT",
      "optional": true,
      "os": [
        "linux"
      ],
      "engines": {
        "node": ">=10"
      }
    },
    "node_modules/@swc/core-linux-x64-musl": {
      "version": "1.11.1",
      "resolved": "https://registry.npmjs.org/@swc/core-linux-x64-musl/-/core-linux-x64-musl-1.11.1.tgz",
      "integrity": "sha512-cuW4r7GbvQt9uv+rGdYLHUjDvGjHmr1nYE7iFVk6r4i+byZuXBK6M7P1p+/dTzacshOc05I9n/eUV+Hfjp9a3A==",
      "cpu": [
        "x64"
      ],
      "license": "Apache-2.0 AND MIT",
      "optional": true,
      "os": [
        "linux"
      ],
      "engines": {
        "node": ">=10"
      }
    },
    "node_modules/@swc/core-win32-arm64-msvc": {
      "version": "1.11.1",
      "resolved": "https://registry.npmjs.org/@swc/core-win32-arm64-msvc/-/core-win32-arm64-msvc-1.11.1.tgz",
      "integrity": "sha512-H8Q78GwaKnCL4isHx8JRTRi6vUU6iMLbpegS2jzWWC1On7EePhkLx2eR8nEsaRIQB6rc3WqdIj74OgOpNoPi7g==",
      "cpu": [
        "arm64"
      ],
      "license": "Apache-2.0 AND MIT",
      "optional": true,
      "os": [
        "win32"
      ],
      "engines": {
        "node": ">=10"
      }
    },
    "node_modules/@swc/core-win32-ia32-msvc": {
      "version": "1.11.1",
      "resolved": "https://registry.npmjs.org/@swc/core-win32-ia32-msvc/-/core-win32-ia32-msvc-1.11.1.tgz",
      "integrity": "sha512-Rx7cZ0OvqMb16fgmUSlPWQbH1+X355IDJhVQpUlpL+ezD/kkWmJix+4u2GVE/LHrfbdyZ4sjjIzSsCQxJV05Mw==",
      "cpu": [
        "ia32"
      ],
      "license": "Apache-2.0 AND MIT",
      "optional": true,
      "os": [
        "win32"
      ],
      "engines": {
        "node": ">=10"
      }
    },
    "node_modules/@swc/core-win32-x64-msvc": {
      "version": "1.11.1",
      "resolved": "https://registry.npmjs.org/@swc/core-win32-x64-msvc/-/core-win32-x64-msvc-1.11.1.tgz",
      "integrity": "sha512-6bEEC/XU1lwYzUXY7BXj3nhe7iBF9+i9dVo+hbiVxXZMrD0LUd+7urOBM3NtVnDsUaR6Ge/g7aR+OfpgYscKOg==",
      "cpu": [
        "x64"
      ],
      "license": "Apache-2.0 AND MIT",
      "optional": true,
      "os": [
        "win32"
      ],
      "engines": {
        "node": ">=10"
      }
    },
    "node_modules/@swc/counter": {
      "version": "0.1.3",
      "resolved": "https://registry.npmjs.org/@swc/counter/-/counter-0.1.3.tgz",
      "integrity": "sha512-e2BR4lsJkkRlKZ/qCHPw9ZaSxc0MVUd7gtbtaB7aMvHeJVYe8sOB8DBZkP2DtISHGSku9sCK6T6cnY0CtXrOCQ==",
      "license": "Apache-2.0"
    },
    "node_modules/@swc/types": {
      "version": "0.1.18",
      "resolved": "https://registry.npmjs.org/@swc/types/-/types-0.1.18.tgz",
      "integrity": "sha512-NZghLaQvF3eFdj2DUjGkpwaunbZYaRcxciHINnwA4n3FrLAI8hKFOBqs2wkcOiLQfWkIdfuG6gBkNFrkPNji5g==",
      "license": "Apache-2.0",
      "dependencies": {
        "@swc/counter": "^0.1.3"
      }
    },
    "node_modules/@tsconfig/node10": {
      "version": "1.0.11",
      "resolved": "https://registry.npmjs.org/@tsconfig/node10/-/node10-1.0.11.tgz",
      "integrity": "sha512-DcRjDCujK/kCk/cUe8Xz8ZSpm8mS3mNNpta+jGCA6USEDfktlNvm1+IuZ9eTcDbNk41BHwpHHeW+N1lKCz4zOw==",
      "dev": true,
      "license": "MIT"
    },
    "node_modules/@tsconfig/node12": {
      "version": "1.0.11",
      "resolved": "https://registry.npmjs.org/@tsconfig/node12/-/node12-1.0.11.tgz",
      "integrity": "sha512-cqefuRsh12pWyGsIoBKJA9luFu3mRxCA+ORZvA4ktLSzIuCUtWVxGIuXigEwO5/ywWFMZ2QEGKWvkZG1zDMTag==",
      "dev": true,
      "license": "MIT"
    },
    "node_modules/@tsconfig/node14": {
      "version": "1.0.3",
      "resolved": "https://registry.npmjs.org/@tsconfig/node14/-/node14-1.0.3.tgz",
      "integrity": "sha512-ysT8mhdixWK6Hw3i1V2AeRqZ5WfXg1G43mqoYlM2nc6388Fq5jcXyr5mRsqViLx/GJYdoL0bfXD8nmF+Zn/Iow==",
      "dev": true,
      "license": "MIT"
    },
    "node_modules/@tsconfig/node16": {
      "version": "1.0.4",
      "resolved": "https://registry.npmjs.org/@tsconfig/node16/-/node16-1.0.4.tgz",
      "integrity": "sha512-vxhUy4J8lyeyinH7Azl1pdd43GJhZH/tP2weN8TntQblOY+A0XbT8DJk1/oCPuOOyg/Ja757rG0CgHcWC8OfMA==",
      "dev": true,
      "license": "MIT"
    },
    "node_modules/@types/node": {
      "version": "22.13.1",
      "resolved": "https://registry.npmjs.org/@types/node/-/node-22.13.1.tgz",
      "integrity": "sha512-jK8uzQlrvXqEU91UxiK5J7pKHyzgnI1Qnl0QDHIgVGuolJhRb9EEl28Cj9b3rGR8B2lhFCtvIm5os8lFnO/1Ew==",
      "dev": true,
      "license": "MIT",
      "peer": true,
      "dependencies": {
        "undici-types": "~6.20.0"
      }
    },
    "node_modules/acorn": {
      "version": "8.14.0",
      "resolved": "https://registry.npmjs.org/acorn/-/acorn-8.14.0.tgz",
      "integrity": "sha512-cl669nCJTZBsL97OF4kUQm5g5hC2uihk0NxY3WENAC0TYdILVkAyHymAntgxGkl7K+t0cXIrH5siy5S4XkFycA==",
      "dev": true,
      "license": "MIT",
      "bin": {
        "acorn": "bin/acorn"
      },
      "engines": {
        "node": ">=0.4.0"
      }
    },
    "node_modules/acorn-walk": {
      "version": "8.3.4",
      "resolved": "https://registry.npmjs.org/acorn-walk/-/acorn-walk-8.3.4.tgz",
      "integrity": "sha512-ueEepnujpqee2o5aIYnvHU6C0A42MNdsIDeqy5BydrkuC5R1ZuUFnm27EeFJGoEHJQgn3uleRvmTXaJgfXbt4g==",
      "dev": true,
      "license": "MIT",
      "dependencies": {
        "acorn": "^8.11.0"
      },
      "engines": {
        "node": ">=0.4.0"
      }
    },
    "node_modules/arg": {
      "version": "4.1.3",
      "resolved": "https://registry.npmjs.org/arg/-/arg-4.1.3.tgz",
      "integrity": "sha512-58S9QDqG0Xx27YwPSt9fJxivjYl432YCwfDMfZ+71RAqUrZef7LrKQZ3LHLOwCS4FLNBplP533Zx895SeOCHvA==",
      "dev": true,
      "license": "MIT"
    },
    "node_modules/clean-css": {
      "version": "5.3.3",
      "resolved": "https://registry.npmjs.org/clean-css/-/clean-css-5.3.3.tgz",
      "integrity": "sha512-D5J+kHaVb/wKSFcyyV75uCn8fiY4sV38XJoe4CUyGQ+mOU/fMVYUdH1hJC+CJQ5uY3EnW27SbJYS4X8BiLrAFg==",
      "license": "MIT",
      "dependencies": {
        "source-map": "~0.6.0"
      },
      "engines": {
        "node": ">= 10.0"
      }
    },
    "node_modules/create-require": {
      "version": "1.1.1",
      "resolved": "https://registry.npmjs.org/create-require/-/create-require-1.1.1.tgz",
      "integrity": "sha512-dcKFX3jn0MpIaXjisoRvexIJVEKzaq7z2rZKxf+MSr9TkdmHmsU4m2lcLojrj/FHl8mk5VxMmYA+ftRkP/3oKQ==",
      "dev": true,
      "license": "MIT"
    },
    "node_modules/diff": {
      "version": "4.0.2",
      "resolved": "https://registry.npmjs.org/diff/-/diff-4.0.2.tgz",
      "integrity": "sha512-58lmxKSA4BNyLz+HHMUzlOEpg09FV+ev6ZMe3vJihgdxzgcwZ8VoEEPmALCZG9LmqfVoNMMKpttIYTVG6uDY7A==",
      "dev": true,
      "license": "BSD-3-Clause",
      "engines": {
        "node": ">=0.3.1"
      }
    },
    "node_modules/htm": {
      "version": "3.1.1",
      "resolved": "https://registry.npmjs.org/htm/-/htm-3.1.1.tgz",
      "integrity": "sha512-983Vyg8NwUE7JkZ6NmOqpCZ+sh1bKv2iYTlUkzlWmA5JD2acKoxd4KVxbMmxX/85mtfdnDmTFoNKcg5DGAvxNQ==",
      "license": "Apache-2.0"
    },
    "node_modules/make-error": {
      "version": "1.3.6",
      "resolved": "https://registry.npmjs.org/make-error/-/make-error-1.3.6.tgz",
      "integrity": "sha512-s8UhlNe7vPKomQhC1qFelMokr/Sc3AgNbso3n74mVPA5LTZwkB9NlXf4XPamLxJE8h0gh73rM94xvwRT2CVInw==",
      "dev": true,
      "license": "ISC"
    },
    "node_modules/openapi3-ts": {
      "version": "4.4.0",
      "resolved": "https://registry.npmjs.org/openapi3-ts/-/openapi3-ts-4.4.0.tgz",
      "integrity": "sha512-9asTNB9IkKEzWMcHmVZE7Ts3kC9G7AFHfs8i7caD8HbI76gEjdkId4z/AkP83xdZsH7PLAnnbl47qZkXuxpArw==",
      "license": "MIT",
      "dependencies": {
        "yaml": "^2.5.0"
      }
    },
    "node_modules/path-to-regexp": {
      "version": "6.3.0",
      "resolved": "https://registry.npmjs.org/path-to-regexp/-/path-to-regexp-6.3.0.tgz",
      "integrity": "sha512-Yhpw4T9C6hPpgPeA28us07OJeqZ5EzQTkbfwuhsUg0c237RomFoETJgmp2sa3F/41gfLE6G5cqcYwznmeEeOlQ==",
      "license": "MIT"
    },
    "node_modules/preact": {
      "version": "10.26.2",
      "resolved": "https://registry.npmjs.org/preact/-/preact-10.26.2.tgz",
      "integrity": "sha512-0gNmv4qpS9HaN3+40CLBAnKe0ZfyE4ZWo5xKlC1rVrr0ckkEvJvAQqKaHANdFKsGstoxrY4AItZ7kZSGVoVjgg==",
      "license": "MIT",
      "funding": {
        "type": "opencollective",
        "url": "https://opencollective.com/preact"
      }
    },
    "node_modules/preact-iso": {
      "version": "2.9.0",
      "resolved": "https://registry.npmjs.org/preact-iso/-/preact-iso-2.9.0.tgz",
      "integrity": "sha512-pJ3j4Aeqoe5MTGM96wB5JXaHbW3HB9PF5WxYJb//+pySc3hP1FoDIKwxi2OlLZtMW59gG8LvPwE8lUo1Ndk9ZA==",
      "license": "MIT",
      "peerDependencies": {
        "preact": ">=10",
        "preact-render-to-string": ">=6.4.0"
      }
    },
    "node_modules/preact-render-to-string": {
      "version": "6.5.13",
      "resolved": "https://registry.npmjs.org/preact-render-to-string/-/preact-render-to-string-6.5.13.tgz",
      "integrity": "sha512-iGPd+hKPMFKsfpR2vL4kJ6ZPcFIoWZEcBf0Dpm3zOpdVvj77aY8RlLiQji5OMrngEyaxGogeakTb54uS2FvA6w==",
      "license": "MIT",
      "peerDependencies": {
        "preact": ">=10"
      }
    },
    "node_modules/react": {
      "name": "@preact/compat",
      "version": "18.3.1",
      "resolved": "https://registry.npmjs.org/@preact/compat/-/compat-18.3.1.tgz",
      "integrity": "sha512-Kog4PSRxtT4COtOXjsuQPV1vMXpUzREQfv+6Dmcy9/rMk0HOPK0HTE9fspFjAmY8R80T/T8gtgmZ68u5bOSngw==",
      "license": "MIT",
      "peerDependencies": {
        "preact": "*"
      }
    },
    "node_modules/react-dom": {
      "name": "@preact/compat",
      "version": "18.3.1",
      "resolved": "https://registry.npmjs.org/@preact/compat/-/compat-18.3.1.tgz",
      "integrity": "sha512-Kog4PSRxtT4COtOXjsuQPV1vMXpUzREQfv+6Dmcy9/rMk0HOPK0HTE9fspFjAmY8R80T/T8gtgmZ68u5bOSngw==",
      "license": "MIT",
      "peerDependencies": {
        "preact": "*"
      }
    },
    "node_modules/source-map": {
      "version": "0.6.1",
      "resolved": "https://registry.npmjs.org/source-map/-/source-map-0.6.1.tgz",
      "integrity": "sha512-UjgapumWlbMhkBgzT7Ykc5YXUT46F0iKu8SGXq0bcwP5dz/h0Plj6enJqjz1Zbq2l5WaqYnrVbwWOWMyF3F47g==",
      "license": "BSD-3-Clause",
      "engines": {
        "node": ">=0.10.0"
      }
    },
    "node_modules/ts-node": {
      "version": "10.9.2",
      "resolved": "https://registry.npmjs.org/ts-node/-/ts-node-10.9.2.tgz",
      "integrity": "sha512-f0FFpIdcHgn8zcPSbf1dRevwt047YMnaiJM3u2w2RewrB+fob/zePZcrOyQoLMMO7aBIddLcQIEK5dYjkLnGrQ==",
      "dev": true,
      "license": "MIT",
      "dependencies": {
        "@cspotcode/source-map-support": "^0.8.0",
        "@tsconfig/node10": "^1.0.7",
        "@tsconfig/node12": "^1.0.7",
        "@tsconfig/node14": "^1.0.0",
        "@tsconfig/node16": "^1.0.2",
        "acorn": "^8.4.1",
        "acorn-walk": "^8.1.1",
        "arg": "^4.1.0",
        "create-require": "^1.1.0",
        "diff": "^4.0.1",
        "make-error": "^1.1.1",
        "v8-compile-cache-lib": "^3.0.1",
        "yn": "3.1.1"
      },
      "bin": {
        "ts-node": "dist/bin.js",
        "ts-node-cwd": "dist/bin-cwd.js",
        "ts-node-esm": "dist/bin-esm.js",
        "ts-node-script": "dist/bin-script.js",
        "ts-node-transpile-only": "dist/bin-transpile.js",
        "ts-script": "dist/bin-script-deprecated.js"
      },
      "peerDependencies": {
        "@swc/core": ">=1.2.50",
        "@swc/wasm": ">=1.2.50",
        "@types/node": "*",
        "typescript": ">=2.7"
      },
      "peerDependenciesMeta": {
        "@swc/core": {
          "optional": true
        },
        "@swc/wasm": {
          "optional": true
        }
      }
    },
    "node_modules/typescript": {
      "version": "5.7.3",
      "resolved": "https://registry.npmjs.org/typescript/-/typescript-5.7.3.tgz",
      "integrity": "sha512-84MVSjMEHP+FQRPy3pX9sTVV/INIex71s9TL2Gm5FG/WG1SqXeKyZ0k7/blY/4FdOzI12CBy1vGc4og/eus0fw==",
      "license": "Apache-2.0",
      "bin": {
        "tsc": "bin/tsc",
        "tsserver": "bin/tsserver"
      },
      "engines": {
        "node": ">=14.17"
      }
    },
    "node_modules/uglify-js": {
      "version": "3.19.3",
      "resolved": "https://registry.npmjs.org/uglify-js/-/uglify-js-3.19.3.tgz",
      "integrity": "sha512-v3Xu+yuwBXisp6QYTcH4UbH+xYJXqnq2m/LtQVWKWzYc1iehYnLixoQDN9FH6/j9/oybfd6W9Ghwkl8+UMKTKQ==",
      "license": "BSD-2-Clause",
      "bin": {
        "uglifyjs": "bin/uglifyjs"
      },
      "engines": {
        "node": ">=0.8.0"
      }
    },
    "node_modules/undici-types": {
      "version": "6.20.0",
      "resolved": "https://registry.npmjs.org/undici-types/-/undici-types-6.20.0.tgz",
      "integrity": "sha512-Ny6QZ2Nju20vw1SRHe3d9jVu6gJ+4e3+MMpqu7pqE5HT6WsTSlce++GQmK5UXS8mzV8DSYHrQH+Xrf2jVcuKNg==",
      "dev": true,
      "license": "MIT",
      "peer": true
    },
    "node_modules/v8-compile-cache-lib": {
      "version": "3.0.1",
      "resolved": "https://registry.npmjs.org/v8-compile-cache-lib/-/v8-compile-cache-lib-3.0.1.tgz",
      "integrity": "sha512-wa7YjyUGfNZngI/vtK0UHAN+lgDCxBPCylVXGp0zu59Fz5aiGtNXaq3DhIov063MorB+VfufLh3JlF2KdTK3xg==",
      "dev": true,
      "license": "MIT"
    },
    "node_modules/yaml": {
      "version": "2.7.0",
      "resolved": "https://registry.npmjs.org/yaml/-/yaml-2.7.0.tgz",
      "integrity": "sha512-+hSoy/QHluxmC9kCIJyL/uyFmLmc+e5CFR5Wa+bpIhIj85LVb9ZH2nVnqrHoSvKogwODv0ClqZkmiSSaIH5LTA==",
      "license": "ISC",
      "bin": {
        "yaml": "bin.mjs"
      },
      "engines": {
        "node": ">= 14"
      }
    },
    "node_modules/yn": {
      "version": "3.1.1",
      "resolved": "https://registry.npmjs.org/yn/-/yn-3.1.1.tgz",
      "integrity": "sha512-Ux4ygGWsu2c7isFWe8Yu1YluJmqVhxqK2cLXNQA5AcC3QfbGNpM7fu0Y8b/z16pXLnFxZYvWhd3fhBY9DLmC6Q==",
      "dev": true,
      "license": "MIT",
      "engines": {
        "node": ">=6"
      }
    },
    "node_modules/zod": {
      "version": "3.24.2",
      "resolved": "https://registry.npmjs.org/zod/-/zod-3.24.2.tgz",
      "integrity": "sha512-lY7CDW43ECgW9u1TcT3IoXHflywfVqDYze4waEz812jR/bZ8FHDsl7pFQoSZTz5N+2NqRXs8GBwnAwo3ZNxqhQ==",
      "license": "MIT",
      "funding": {
        "url": "https://github.com/sponsors/colinhacks"
      }
    }
  }
}
